
Microsoft Visual Studio Solution File, Format Version 11.00
# Visual Studio 2010
Project("{FAE04EC0-301F-11D3-BF4B-00C04F79EFBC}") = "Planetario", "Assembly-CSharp-firstpass.csproj", "{FD725F6D-9917-4E62-E510-5B158311B22B}"
EndProject
Project("{FAE04EC0-301F-11D3-BF4B-00C04F79EFBC}") = "Planetario", "Assembly-CSharp.csproj", "{6CCAE034-655E-6178-885F-22722BF0CF9B}"
EndProject
Project("{FAE04EC0-301F-11D3-BF4B-00C04F79EFBC}") = "Planetario", "Assembly-CSharp-Editor-firstpass.csproj", "{98476F3E-7AD1-F29D-7B29-427BF0D0C474}"
EndProject
Global
	GlobalSection(SolutionConfigurationPlatforms) = preSolution
		Debug|Any CPU = Debug|Any CPU
		Release|Any CPU = Release|Any CPU
	EndGlobalSection
	GlobalSection(ProjectConfigurationPlatforms) = postSolution
		{FD725F6D-9917-4E62-E510-5B158311B22B}.Debug|Any CPU.ActiveCfg = Debug|Any CPU
		{FD725F6D-9917-4E62-E510-5B158311B22B}.Debug|Any CPU.Build.0 = Debug|Any CPU
		{FD725F6D-9917-4E62-E510-5B158311B22B}.Release|Any CPU.ActiveCfg = Release|Any CPU
		{FD725F6D-9917-4E62-E510-5B158311B22B}.Release|Any CPU.Build.0 = Release|Any CPU
		{6CCAE034-655E-6178-885F-22722BF0CF9B}.Debug|Any CPU.ActiveCfg = Debug|Any CPU
		{6CCAE034-655E-6178-885F-22722BF0CF9B}.Debug|Any CPU.Build.0 = Debug|Any CPU
		{6CCAE034-655E-6178-885F-22722BF0CF9B}.Release|Any CPU.ActiveCfg = Release|Any CPU
		{6CCAE034-655E-6178-885F-22722BF0CF9B}.Release|Any CPU.Build.0 = Release|Any CPU
		{98476F3E-7AD1-F29D-7B29-427BF0D0C474}.Debug|Any CPU.ActiveCfg = Debug|Any CPU
		{98476F3E-7AD1-F29D-7B29-427BF0D0C474}.Debug|Any CPU.Build.0 = Debug|Any CPU
		{98476F3E-7AD1-F29D-7B29-427BF0D0C474}.Release|Any CPU.ActiveCfg = Release|Any CPU
		{98476F3E-7AD1-F29D-7B29-427BF0D0C474}.Release|Any CPU.Build.0 = Release|Any CPU
	EndGlobalSection
	GlobalSection(SolutionProperties) = preSolution
		HideSolutionNode = FALSE
	EndGlobalSection
	GlobalSection(MonoDevelopProperties) = preSolution
		StartupItem = Assembly-CSharp.csproj
	EndGlobalSection
EndGlobal
